
Microsoft Visual Studio Solution File, Format Version 12.00
# Visual Studio 15
VisualStudioVersion = 15.0.28307.438
MinimumVisualStudioVersion = 10.0.40219.1
Project("{8BC9CEB8-8B4A-11D0-8D11-00A0C91BC942}") = "P3", "P3\P3.vcxproj", "{55A98367-8483-48B1-85FC-FC0FC54E19C0}"
EndProject
Global
	GlobalSection(SolutionConfigurationPlatforms) = preSolution
		Debug|x64 = Debug|x64
		Debug|x86 = Debug|x86
		Release|x64 = Release|x64
		Release|x86 = Release|x86
	EndGlobalSection
	GlobalSection(ProjectConfigurationPlatforms) = postSolution
		{55A98367-8483-48B1-85FC-FC0FC54E19C0}.Debug|x64.ActiveCfg = Debug|x64
		{55A98367-8483-48B1-85FC-FC0FC54E19C0}.Debug|x64.Build.0 = Debug|x64
		{55A98367-8483-48B1-85FC-FC0FC54E19C0}.Debug|x86.ActiveCfg = Debug|Win32
		{55A98367-8483-48B1-85FC-FC0FC54E19C0}.Debug|x86.Build.0 = Debug|Win32
		{55A98367-8483-48B1-85FC-FC0FC54E19C0}.Release|x64.ActiveCfg = Release|x64
		{55A98367-8483-48B1-85FC-FC0FC54E19C0}.Release|x64.Build.0 = Release|x64
		{55A98367-8483-48B1-85FC-FC0FC54E19C0}.Release|x86.ActiveCfg = Release|Win32
		{55A98367-8483-48B1-85FC-FC0FC54E19C0}.Release|x86.Build.0 = Release|Win32
	EndGlobalSection
	GlobalSection(SolutionProperties) = preSolution
		HideSolutionNode = FALSE
	EndGlobalSection
	GlobalSection(ExtensibilityGlobals) = postSolution
		SolutionGuid = {3BEAD81C-E73F-401E-B87E-0C839C24A4CC}
	EndGlobalSection
EndGlobal
